
Microsoft Visual Studio Solution File, Format Version 12.00
# Visual Studio Version 17
VisualStudioVersion = 17.3.32825.248
MinimumVisualStudioVersion = 10.0.40219.1
Project("{FAE04EC0-301F-11D3-BF4B-00C04F79EFBC}") = "delegáty", "delegáty\delegáty.csproj", "{2F68E35D-D860-4374-8B42-405CE1319108}"
EndProject
Global
	GlobalSection(SolutionConfigurationPlatforms) = preSolution
		Debug|Any CPU = Debug|Any CPU
		Release|Any CPU = Release|Any CPU
	EndGlobalSection
	GlobalSection(ProjectConfigurationPlatforms) = postSolution
		{2F68E35D-D860-4374-8B42-405CE1319108}.Debug|Any CPU.ActiveCfg = Debug|Any CPU
		{2F68E35D-D860-4374-8B42-405CE1319108}.Debug|Any CPU.Build.0 = Debug|Any CPU
		{2F68E35D-D860-4374-8B42-405CE1319108}.Release|Any CPU.ActiveCfg = Release|Any CPU
		{2F68E35D-D860-4374-8B42-405CE1319108}.Release|Any CPU.Build.0 = Release|Any CPU
	EndGlobalSection
	GlobalSection(SolutionProperties) = preSolution
		HideSolutionNode = FALSE
	EndGlobalSection
	GlobalSection(ExtensibilityGlobals) = postSolution
		SolutionGuid = {98AD20B3-7531-4D2F-B24E-3A74255109C2}
	EndGlobalSection
EndGlobal
